github.com/safronoff2006/pkg2 v0.0.0-20190416172402-2e78c9a1b596 h1:jO9BwiqUgRw8sHVREcmBVM57TLQINnIX81EDl5Rt+Og=
github.com/safronoff2006/pkg2 v0.0.0-20190416172402-2e78c9a1b596/go.mod h1:L5T165wFocy56CRgQ40xA6PQFWz4UOXuFvEIay5GQ/A=
github.com/safronoff2006/pkg2 v0.0.0-20190416173205-6b10c9e402a8 h1:qpgcu+Hh7VdFkvrzKP02w5OGau6kq2scEGXONAlKaBk=
github.com/safronoff2006/pkg2 v0.0.0-20190416173205-6b10c9e402a8/go.mod h1:L5T165wFocy56CRgQ40xA6PQFWz4UOXuFvEIay5GQ/A=
github.com/safronoff2006/pkg2 v0.0.0-20190416173621-2c8cedeb1fe7 h1:JiNx++uDkb5RAkZ6SxjHkDbd9KZsW4oXmDF78giFE+A=
github.com/safronoff2006/pkg2 v0.0.0-20190416173621-2c8cedeb1fe7/go.mod h1:L5T165wFocy56CRgQ40xA6PQFWz4UOXuFvEIay5GQ/A=
