github.com/safronoff2006/pkg2 v0.0.0-20190416173621-2c8cedeb1fe7 h1:JiNx++uDkb5RAkZ6SxjHkDbd9KZsW4oXmDF78giFE+A=
github.com/safronoff2006/pkg2 v0.0.0-20190416173621-2c8cedeb1fe7/go.mod h1:L5T165wFocy56CRgQ40xA6PQFWz4UOXuFvEIay5GQ/A=
github.com/safronoff2006/pkg2 v0.0.0-20190416174954-db6c0ab2e26b h1:MPawDXltSFGxKqYofb5Xcoky6uhzOPBs6O0vCnnImzk=
github.com/safronoff2006/pkg2 v0.0.0-20190416174954-db6c0ab2e26b/go.mod h1:L5T165wFocy56CRgQ40xA6PQFWz4UOXuFvEIay5GQ/A=
